
Microsoft Visual Studio Solution File, Format Version 12.00
# Visual Studio 15
VisualStudioVersion = 15.0.28307.329
MinimumVisualStudioVersion = 10.0.40219.1
Project("{FAE04EC0-301F-11D3-BF4B-00C04F79EFBC}") = "adwdasa", "adwdasa.csproj", "{922C5F54-7894-4966-8EA0-76E5F24C04FE}"
EndProject
Global
	GlobalSection(SolutionConfigurationPlatforms) = preSolution
		Debug|Any CPU = Debug|Any CPU
		Release|Any CPU = Release|Any CPU
	EndGlobalSection
	GlobalSection(ProjectConfigurationPlatforms) = postSolution
		{922C5F54-7894-4966-8EA0-76E5F24C04FE}.Debug|Any CPU.ActiveCfg = Debug|Any CPU
		{922C5F54-7894-4966-8EA0-76E5F24C04FE}.Debug|Any CPU.Build.0 = Debug|Any CPU
		{922C5F54-7894-4966-8EA0-76E5F24C04FE}.Release|Any CPU.ActiveCfg = Release|Any CPU
		{922C5F54-7894-4966-8EA0-76E5F24C04FE}.Release|Any CPU.Build.0 = Release|Any CPU
	EndGlobalSection
	GlobalSection(SolutionProperties) = preSolution
		HideSolutionNode = FALSE
	EndGlobalSection
	GlobalSection(ExtensibilityGlobals) = postSolution
		SolutionGuid = {FE2AE28F-8A91-456C-84B4-AF9EE37AB962}
	EndGlobalSection
EndGlobal
